
Microsoft Visual Studio Solution File, Format Version 12.00
# Visual Studio Version 17
VisualStudioVersion = 17.9.34728.123
MinimumVisualStudioVersion = 10.0.40219.1
Project("{FAE04EC0-301F-11D3-BF4B-00C04F79EFBC}") = "Vavilon", "Vavilon\Vavilon.csproj", "{47436290-2292-4128-ABA6-A63DE72DA69E}"
EndProject
Global
	GlobalSection(SolutionConfigurationPlatforms) = preSolution
		Debug|Any CPU = Debug|Any CPU
		Release|Any CPU = Release|Any CPU
	EndGlobalSection
	GlobalSection(ProjectConfigurationPlatforms) = postSolution
		{47436290-2292-4128-ABA6-A63DE72DA69E}.Debug|Any CPU.ActiveCfg = Debug|Any CPU
		{47436290-2292-4128-ABA6-A63DE72DA69E}.Debug|Any CPU.Build.0 = Debug|Any CPU
		{47436290-2292-4128-ABA6-A63DE72DA69E}.Release|Any CPU.ActiveCfg = Release|Any CPU
		{47436290-2292-4128-ABA6-A63DE72DA69E}.Release|Any CPU.Build.0 = Release|Any CPU
	EndGlobalSection
	GlobalSection(SolutionProperties) = preSolution
		HideSolutionNode = FALSE
	EndGlobalSection
	GlobalSection(ExtensibilityGlobals) = postSolution
		SolutionGuid = {39E7EE06-71BE-4ED0-8CF5-4D32E2424D59}
	EndGlobalSection
EndGlobal
